<?xml version="1.0" encoding="UTF-8" standalone="yes" ?>
<CodeBlocks_project_file>
	<FileVersion major="1" minor="6" />
	<Project>
		<Option title="libnetincmake2" />
		<Option pch_mode="2" />
		<Option compiler="gcc" />
		<Build>
			<Target title="Debug">
				<Option output="bin/Debug/libnetincmake2" prefix_auto="1" extension_auto="1" />
				<Option object_output="obj/Debug/" />
				<Option type="1" />
				<Option compiler="gcc" />
				<Option projectCompilerOptionsRelation="0" />
				<Compiler>
					<Add option="-std=gnu++17" />
					<Add option="-g" />
					<Add option="-I/home/ilian/gitprojects/libnetincmake2/External/include/" />
				</Compiler>
				<Linker>
					<Add option="-lpcap" />
					<Add library="External/lib/libpcap.a" />
				</Linker>
			</Target>
			<Target title="Release">
				<Option output="bin/Release/libnetincmake2" prefix_auto="1" extension_auto="1" />
				<Option object_output="obj/Release/" />
				<Option type="1" />
				<Option compiler="gcc" />
				<Compiler>
					<Add option="-O2" />
				</Compiler>
				<Linker>
					<Add option="-s" />
					<Add option="-lpcap" />
					<Add library="External/lib/libpcap.a" />
				</Linker>
			</Target>
		</Build>
		<Compiler>
			<Add option="-Wall" />
			<Add option="-fexceptions" />
		</Compiler>
		<Linker>
			<Add option="-lpcap" />
			<Add library="External/lib/libpcap.a" />
		</Linker>
		<Unit filename="App.cpp" />
		<Unit filename="App.h" />
		<Unit filename="Pcap.cpp" />
		<Unit filename="Pcap.h" />
		<Unit filename="defs.cpp" />
		<Unit filename="defs.h" />
		<Unit filename="main.cpp" />
		<Unit filename="mqtt_t.cpp" />
		<Unit filename="mqtt_t.h" />
		<Unit filename="musl_c.c">
			<Option compilerVar="CC" />
		</Unit>
		<Unit filename="nill_t.cpp" />
		<Unit filename="nill_t.h" />
		<Unit filename="rtcp_t.cpp" />
		<Unit filename="rtcp_t.h" />
		<Unit filename="rtp_t.cpp" />
		<Unit filename="rtp_t.h" />
		<Unit filename="stun_t.cpp" />
		<Unit filename="stun_t.h" />
		<Unit filename="t38_t.cpp" />
		<Unit filename="t38_t.h" />
		<Unit filename="tjson.hpp" />
		<Unit filename="turn_t.cpp" />
		<Unit filename="turn_t.h" />
		<Unit filename="types.h" />
		<Unit filename="utils.cpp" />
		<Unit filename="utils.h" />
		<Unit filename="websocket_t.cpp" />
		<Unit filename="websocket_t.h" />
		<Unit filename="winpcap_t.cpp" />
		<Unit filename="winpcap_t.h" />
		<Extensions />
	</Project>
</CodeBlocks_project_file>
